
Microsoft Visual Studio Solution File, Format Version 12.00
# Visual Studio 15
VisualStudioVersion = 15.0.27130.2027
MinimumVisualStudioVersion = 10.0.40219.1
Project("{2150E333-8FDC-42A3-9474-1A3956D46DE8}") = "src", "src", "{4D7EA0BF-3D33-40E6-91A5-8D093AC46564}"
EndProject
Project("{2150E333-8FDC-42A3-9474-1A3956D46DE8}") = "Solution Items", "Solution Items", "{DA8B3A8F-07DD-455B-B623-096A789C979E}"
EndProject
Project("{9A19103F-16F7-4668-BE54-9A1E7A4F7556}") = "EKE.Data", "src\EKE.Data\EKE.Data.csproj", "{CFE4F63A-570C-473E-92E7-59E452E83ABD}"
EndProject
Project("{9A19103F-16F7-4668-BE54-9A1E7A4F7556}") = "EKE.Service", "src\EKE.Service\EKE.Service.csproj", "{03BFE44F-9AAC-4400-9A02-7AECCC3497CA}"
EndProject
Project("{9A19103F-16F7-4668-BE54-9A1E7A4F7556}") = "EKE-Admin.Web", "src\EKE-Admin.Web\EKE-Admin.Web.csproj", "{28538E88-D36C-4C68-A5E0-5A031306B476}"
EndProject
Project("{9A19103F-16F7-4668-BE54-9A1E7A4F7556}") = "EKE-Gyopar.Web", "src\EKE-Gyopar.Web\EKE-Gyopar.Web.csproj", "{FD1BE771-F3C6-49C2-AF2D-5BF1FEF51C3A}"
	ProjectSection(ProjectDependencies) = postProject
		{CFE4F63A-570C-473E-92E7-59E452E83ABD} = {CFE4F63A-570C-473E-92E7-59E452E83ABD}
		{03BFE44F-9AAC-4400-9A02-7AECCC3497CA} = {03BFE44F-9AAC-4400-9A02-7AECCC3497CA}
	EndProjectSection
EndProject
Project("{FAE04EC0-301F-11D3-BF4B-00C04F79EFBC}") = "EKE.Importer", "EKE.Importer\EKE.Importer.csproj", "{F59D54F5-8028-4A67-B9D9-C7EB303239F5}"
EndProject
Project("{9A19103F-16F7-4668-BE54-9A1E7A4F7556}") = "EKE-Muzeum.Web", "src\EKE-Muzeum.Web\EKE-Muzeum.Web.csproj", "{E69DDEF0-F8E3-4F67-BADE-FBAEE72266E8}"
	ProjectSection(ProjectDependencies) = postProject
		{CFE4F63A-570C-473E-92E7-59E452E83ABD} = {CFE4F63A-570C-473E-92E7-59E452E83ABD}
		{03BFE44F-9AAC-4400-9A02-7AECCC3497CA} = {03BFE44F-9AAC-4400-9A02-7AECCC3497CA}
	EndProjectSection
EndProject
Project("{FAE04EC0-301F-11D3-BF4B-00C04F79EFBC}") = "EKE-Otthon", "EKE-Otthon\EKE-Otthon.csproj", "{0F8FEDE8-47CC-4FEA-AFE9-A659394DB9C0}"
EndProject
Global
	GlobalSection(SolutionConfigurationPlatforms) = preSolution
		Debug|Any CPU = Debug|Any CPU
		Release|Any CPU = Release|Any CPU
	EndGlobalSection
	GlobalSection(ProjectConfigurationPlatforms) = postSolution
		{CFE4F63A-570C-473E-92E7-59E452E83ABD}.Debug|Any CPU.ActiveCfg = Debug|Any CPU
		{CFE4F63A-570C-473E-92E7-59E452E83ABD}.Debug|Any CPU.Build.0 = Debug|Any CPU
		{CFE4F63A-570C-473E-92E7-59E452E83ABD}.Release|Any CPU.ActiveCfg = Release|Any CPU
		{CFE4F63A-570C-473E-92E7-59E452E83ABD}.Release|Any CPU.Build.0 = Release|Any CPU
		{03BFE44F-9AAC-4400-9A02-7AECCC3497CA}.Debug|Any CPU.ActiveCfg = Debug|Any CPU
		{03BFE44F-9AAC-4400-9A02-7AECCC3497CA}.Debug|Any CPU.Build.0 = Debug|Any CPU
		{03BFE44F-9AAC-4400-9A02-7AECCC3497CA}.Release|Any CPU.ActiveCfg = Release|Any CPU
		{03BFE44F-9AAC-4400-9A02-7AECCC3497CA}.Release|Any CPU.Build.0 = Release|Any CPU
		{28538E88-D36C-4C68-A5E0-5A031306B476}.Debug|Any CPU.ActiveCfg = Debug|Any CPU
		{28538E88-D36C-4C68-A5E0-5A031306B476}.Debug|Any CPU.Build.0 = Debug|Any CPU
		{28538E88-D36C-4C68-A5E0-5A031306B476}.Release|Any CPU.ActiveCfg = Release|Any CPU
		{28538E88-D36C-4C68-A5E0-5A031306B476}.Release|Any CPU.Build.0 = Release|Any CPU
		{FD1BE771-F3C6-49C2-AF2D-5BF1FEF51C3A}.Debug|Any CPU.ActiveCfg = Debug|Any CPU
		{FD1BE771-F3C6-49C2-AF2D-5BF1FEF51C3A}.Debug|Any CPU.Build.0 = Debug|Any CPU
		{FD1BE771-F3C6-49C2-AF2D-5BF1FEF51C3A}.Release|Any CPU.ActiveCfg = Release|Any CPU
		{FD1BE771-F3C6-49C2-AF2D-5BF1FEF51C3A}.Release|Any CPU.Build.0 = Release|Any CPU
		{F59D54F5-8028-4A67-B9D9-C7EB303239F5}.Debug|Any CPU.ActiveCfg = Debug|Any CPU
		{F59D54F5-8028-4A67-B9D9-C7EB303239F5}.Debug|Any CPU.Build.0 = Debug|Any CPU
		{F59D54F5-8028-4A67-B9D9-C7EB303239F5}.Release|Any CPU.ActiveCfg = Release|Any CPU
		{F59D54F5-8028-4A67-B9D9-C7EB303239F5}.Release|Any CPU.Build.0 = Release|Any CPU
		{E69DDEF0-F8E3-4F67-BADE-FBAEE72266E8}.Debug|Any CPU.ActiveCfg = Debug|Any CPU
		{E69DDEF0-F8E3-4F67-BADE-FBAEE72266E8}.Debug|Any CPU.Build.0 = Debug|Any CPU
		{E69DDEF0-F8E3-4F67-BADE-FBAEE72266E8}.Release|Any CPU.ActiveCfg = Release|Any CPU
		{E69DDEF0-F8E3-4F67-BADE-FBAEE72266E8}.Release|Any CPU.Build.0 = Release|Any CPU
		{0F8FEDE8-47CC-4FEA-AFE9-A659394DB9C0}.Debug|Any CPU.ActiveCfg = Debug|Any CPU
		{0F8FEDE8-47CC-4FEA-AFE9-A659394DB9C0}.Debug|Any CPU.Build.0 = Debug|Any CPU
		{0F8FEDE8-47CC-4FEA-AFE9-A659394DB9C0}.Release|Any CPU.ActiveCfg = Release|Any CPU
		{0F8FEDE8-47CC-4FEA-AFE9-A659394DB9C0}.Release|Any CPU.Build.0 = Release|Any CPU
	EndGlobalSection
	GlobalSection(SolutionProperties) = preSolution
		HideSolutionNode = FALSE
	EndGlobalSection
	GlobalSection(NestedProjects) = preSolution
		{CFE4F63A-570C-473E-92E7-59E452E83ABD} = {4D7EA0BF-3D33-40E6-91A5-8D093AC46564}
		{03BFE44F-9AAC-4400-9A02-7AECCC3497CA} = {4D7EA0BF-3D33-40E6-91A5-8D093AC46564}
		{28538E88-D36C-4C68-A5E0-5A031306B476} = {4D7EA0BF-3D33-40E6-91A5-8D093AC46564}
		{FD1BE771-F3C6-49C2-AF2D-5BF1FEF51C3A} = {4D7EA0BF-3D33-40E6-91A5-8D093AC46564}
		{F59D54F5-8028-4A67-B9D9-C7EB303239F5} = {4D7EA0BF-3D33-40E6-91A5-8D093AC46564}
		{E69DDEF0-F8E3-4F67-BADE-FBAEE72266E8} = {4D7EA0BF-3D33-40E6-91A5-8D093AC46564}
		{0F8FEDE8-47CC-4FEA-AFE9-A659394DB9C0} = {4D7EA0BF-3D33-40E6-91A5-8D093AC46564}
	EndGlobalSection
	GlobalSection(ExtensibilityGlobals) = postSolution
		SolutionGuid = {7040F701-724B-42A0-9B19-680DC5B38079}
	EndGlobalSection
EndGlobal
